
Microsoft Visual Studio Solution File, Format Version 12.00
# Visual Studio 15
VisualStudioVersion = 15.0.27428.2043
MinimumVisualStudioVersion = 10.0.40219.1
Project("{FAE04EC0-301F-11D3-BF4B-00C04F79EFBC}") = "01. Single Inheritance", "01. Single Inheritance\01. Single Inheritance.csproj", "{70C78A32-581C-4052-8C62-20A46C45A009}"
EndProject
Project("{FAE04EC0-301F-11D3-BF4B-00C04F79EFBC}") = "02. Multiple Inheritance", "02. Multiple Inheritance\02. Multiple Inheritance.csproj", "{DD23C9A8-497D-4069-98B7-24571F950CCB}"
EndProject
Project("{FAE04EC0-301F-11D3-BF4B-00C04F79EFBC}") = "03. Hierarchical Inheritance", "03. Hierarchical Inheritance\03. Hierarchical Inheritance.csproj", "{613F9995-93DE-4DD1-92CB-B9E5DBF82170}"
EndProject
Project("{FAE04EC0-301F-11D3-BF4B-00C04F79EFBC}") = "04. Random List", "04. Random List\04. Random List.csproj", "{8D516D68-7497-4025-A043-BF8A9A01BB07}"
EndProject
Global
	GlobalSection(SolutionConfigurationPlatforms) = preSolution
		Debug|Any CPU = Debug|Any CPU
		Release|Any CPU = Release|Any CPU
	EndGlobalSection
	GlobalSection(ProjectConfigurationPlatforms) = postSolution
		{70C78A32-581C-4052-8C62-20A46C45A009}.Debug|Any CPU.ActiveCfg = Debug|Any CPU
		{70C78A32-581C-4052-8C62-20A46C45A009}.Debug|Any CPU.Build.0 = Debug|Any CPU
		{70C78A32-581C-4052-8C62-20A46C45A009}.Release|Any CPU.ActiveCfg = Release|Any CPU
		{70C78A32-581C-4052-8C62-20A46C45A009}.Release|Any CPU.Build.0 = Release|Any CPU
		{DD23C9A8-497D-4069-98B7-24571F950CCB}.Debug|Any CPU.ActiveCfg = Debug|Any CPU
		{DD23C9A8-497D-4069-98B7-24571F950CCB}.Debug|Any CPU.Build.0 = Debug|Any CPU
		{DD23C9A8-497D-4069-98B7-24571F950CCB}.Release|Any CPU.ActiveCfg = Release|Any CPU
		{DD23C9A8-497D-4069-98B7-24571F950CCB}.Release|Any CPU.Build.0 = Release|Any CPU
		{613F9995-93DE-4DD1-92CB-B9E5DBF82170}.Debug|Any CPU.ActiveCfg = Debug|Any CPU
		{613F9995-93DE-4DD1-92CB-B9E5DBF82170}.Debug|Any CPU.Build.0 = Debug|Any CPU
		{613F9995-93DE-4DD1-92CB-B9E5DBF82170}.Release|Any CPU.ActiveCfg = Release|Any CPU
		{613F9995-93DE-4DD1-92CB-B9E5DBF82170}.Release|Any CPU.Build.0 = Release|Any CPU
		{8D516D68-7497-4025-A043-BF8A9A01BB07}.Debug|Any CPU.ActiveCfg = Debug|Any CPU
		{8D516D68-7497-4025-A043-BF8A9A01BB07}.Debug|Any CPU.Build.0 = Debug|Any CPU
		{8D516D68-7497-4025-A043-BF8A9A01BB07}.Release|Any CPU.ActiveCfg = Release|Any CPU
		{8D516D68-7497-4025-A043-BF8A9A01BB07}.Release|Any CPU.Build.0 = Release|Any CPU
	EndGlobalSection
	GlobalSection(SolutionProperties) = preSolution
		HideSolutionNode = FALSE
	EndGlobalSection
	GlobalSection(ExtensibilityGlobals) = postSolution
		SolutionGuid = {FBECA089-3A68-491F-81DE-4041CF4851A4}
	EndGlobalSection
EndGlobal
