
Microsoft Visual Studio Solution File, Format Version 12.00
# Visual Studio 15
VisualStudioVersion = 15.0.27428.2043
MinimumVisualStudioVersion = 10.0.40219.1
Project("{FAE04EC0-301F-11D3-BF4B-00C04F79EFBC}") = "01. Raw Data", "01. Raw Data\01. Raw Data.csproj", "{31E5D8C0-E1F9-49A9-A4FA-1028C48064BB}"
EndProject
Project("{FAE04EC0-301F-11D3-BF4B-00C04F79EFBC}") = "02. Car Salesman", "02. Car Salesman\02. Car Salesman.csproj", "{5418E951-55FF-476E-980D-EA70A1CEF663}"
EndProject
Project("{FAE04EC0-301F-11D3-BF4B-00C04F79EFBC}") = "03. Jedi Galaxy", "03. Jedi Galaxy\03. Jedi Galaxy.csproj", "{5853001A-99B4-4282-A153-8CD47077E9B7}"
EndProject
Project("{FAE04EC0-301F-11D3-BF4B-00C04F79EFBC}") = "04. Hospital", "04. Hospital\04. Hospital.csproj", "{00E18451-9BF5-4B63-B35B-BB157A19F4BE}"
EndProject
Global
	GlobalSection(SolutionConfigurationPlatforms) = preSolution
		Debug|Any CPU = Debug|Any CPU
		Release|Any CPU = Release|Any CPU
	EndGlobalSection
	GlobalSection(ProjectConfigurationPlatforms) = postSolution
		{31E5D8C0-E1F9-49A9-A4FA-1028C48064BB}.Debug|Any CPU.ActiveCfg = Debug|Any CPU
		{31E5D8C0-E1F9-49A9-A4FA-1028C48064BB}.Debug|Any CPU.Build.0 = Debug|Any CPU
		{31E5D8C0-E1F9-49A9-A4FA-1028C48064BB}.Release|Any CPU.ActiveCfg = Release|Any CPU
		{31E5D8C0-E1F9-49A9-A4FA-1028C48064BB}.Release|Any CPU.Build.0 = Release|Any CPU
		{5418E951-55FF-476E-980D-EA70A1CEF663}.Debug|Any CPU.ActiveCfg = Debug|Any CPU
		{5418E951-55FF-476E-980D-EA70A1CEF663}.Debug|Any CPU.Build.0 = Debug|Any CPU
		{5418E951-55FF-476E-980D-EA70A1CEF663}.Release|Any CPU.ActiveCfg = Release|Any CPU
		{5418E951-55FF-476E-980D-EA70A1CEF663}.Release|Any CPU.Build.0 = Release|Any CPU
		{5853001A-99B4-4282-A153-8CD47077E9B7}.Debug|Any CPU.ActiveCfg = Debug|Any CPU
		{5853001A-99B4-4282-A153-8CD47077E9B7}.Debug|Any CPU.Build.0 = Debug|Any CPU
		{5853001A-99B4-4282-A153-8CD47077E9B7}.Release|Any CPU.ActiveCfg = Release|Any CPU
		{5853001A-99B4-4282-A153-8CD47077E9B7}.Release|Any CPU.Build.0 = Release|Any CPU
		{00E18451-9BF5-4B63-B35B-BB157A19F4BE}.Debug|Any CPU.ActiveCfg = Debug|Any CPU
		{00E18451-9BF5-4B63-B35B-BB157A19F4BE}.Debug|Any CPU.Build.0 = Debug|Any CPU
		{00E18451-9BF5-4B63-B35B-BB157A19F4BE}.Release|Any CPU.ActiveCfg = Release|Any CPU
		{00E18451-9BF5-4B63-B35B-BB157A19F4BE}.Release|Any CPU.Build.0 = Release|Any CPU
	EndGlobalSection
	GlobalSection(SolutionProperties) = preSolution
		HideSolutionNode = FALSE
	EndGlobalSection
	GlobalSection(ExtensibilityGlobals) = postSolution
		SolutionGuid = {7B94F3ED-24ED-4318-B06A-0409492394F1}
	EndGlobalSection
EndGlobal
