
Microsoft Visual Studio Solution File, Format Version 12.00
# Visual Studio 15
VisualStudioVersion = 15.0.27703.2026
MinimumVisualStudioVersion = 10.0.40219.1
Project("{FAE04EC0-301F-11D3-BF4B-00C04F79EFBC}") = "01. Math Operations", "01. Math Operations\01. Math Operations.csproj", "{837577B4-B63C-45AE-8A42-AAEE265DBC64}"
EndProject
Project("{FAE04EC0-301F-11D3-BF4B-00C04F79EFBC}") = "02. Animals", "02. Animals\02. Animals.csproj", "{589694B1-E873-4A34-A6AE-5501B046FB24}"
EndProject
Global
	GlobalSection(SolutionConfigurationPlatforms) = preSolution
		Debug|Any CPU = Debug|Any CPU
		Release|Any CPU = Release|Any CPU
	EndGlobalSection
	GlobalSection(ProjectConfigurationPlatforms) = postSolution
		{837577B4-B63C-45AE-8A42-AAEE265DBC64}.Debug|Any CPU.ActiveCfg = Debug|Any CPU
		{837577B4-B63C-45AE-8A42-AAEE265DBC64}.Debug|Any CPU.Build.0 = Debug|Any CPU
		{837577B4-B63C-45AE-8A42-AAEE265DBC64}.Release|Any CPU.ActiveCfg = Release|Any CPU
		{837577B4-B63C-45AE-8A42-AAEE265DBC64}.Release|Any CPU.Build.0 = Release|Any CPU
		{589694B1-E873-4A34-A6AE-5501B046FB24}.Debug|Any CPU.ActiveCfg = Debug|Any CPU
		{589694B1-E873-4A34-A6AE-5501B046FB24}.Debug|Any CPU.Build.0 = Debug|Any CPU
		{589694B1-E873-4A34-A6AE-5501B046FB24}.Release|Any CPU.ActiveCfg = Release|Any CPU
		{589694B1-E873-4A34-A6AE-5501B046FB24}.Release|Any CPU.Build.0 = Release|Any CPU
	EndGlobalSection
	GlobalSection(SolutionProperties) = preSolution
		HideSolutionNode = FALSE
	EndGlobalSection
	GlobalSection(ExtensibilityGlobals) = postSolution
		SolutionGuid = {29480469-1A90-494B-BD0D-4AFBBB51C537}
	EndGlobalSection
EndGlobal
