
Microsoft Visual Studio Solution File, Format Version 12.00
# Visual Studio 15
VisualStudioVersion = 15.0.27428.2043
MinimumVisualStudioVersion = 10.0.40219.1
Project("{FAE04EC0-301F-11D3-BF4B-00C04F79EFBC}") = "01. Bank Account", "01. Bank Account\01. Bank Account.csproj", "{B4E1FF8C-6951-44AE-BE29-5E2409580AF0}"
EndProject
Project("{FAE04EC0-301F-11D3-BF4B-00C04F79EFBC}") = "02. Bank Account Methods", "02. Bank Account Methods\02. Bank Account Methods.csproj", "{0CB5F4C2-D6E8-4A7F-A368-E91503DA2E72}"
EndProject
Project("{FAE04EC0-301F-11D3-BF4B-00C04F79EFBC}") = "03. Test Client", "03. Test Client\03. Test Client.csproj", "{FC43E391-19BD-4B76-BE82-BD707BD193E9}"
EndProject
Project("{FAE04EC0-301F-11D3-BF4B-00C04F79EFBC}") = "04. Person Class", "04. Person Class\04. Person Class.csproj", "{9034BC95-F93F-4EF1-B6C2-17799FBB786D}"
EndProject
Global
	GlobalSection(SolutionConfigurationPlatforms) = preSolution
		Debug|Any CPU = Debug|Any CPU
		Release|Any CPU = Release|Any CPU
	EndGlobalSection
	GlobalSection(ProjectConfigurationPlatforms) = postSolution
		{B4E1FF8C-6951-44AE-BE29-5E2409580AF0}.Debug|Any CPU.ActiveCfg = Debug|Any CPU
		{B4E1FF8C-6951-44AE-BE29-5E2409580AF0}.Debug|Any CPU.Build.0 = Debug|Any CPU
		{B4E1FF8C-6951-44AE-BE29-5E2409580AF0}.Release|Any CPU.ActiveCfg = Release|Any CPU
		{B4E1FF8C-6951-44AE-BE29-5E2409580AF0}.Release|Any CPU.Build.0 = Release|Any CPU
		{0CB5F4C2-D6E8-4A7F-A368-E91503DA2E72}.Debug|Any CPU.ActiveCfg = Debug|Any CPU
		{0CB5F4C2-D6E8-4A7F-A368-E91503DA2E72}.Debug|Any CPU.Build.0 = Debug|Any CPU
		{0CB5F4C2-D6E8-4A7F-A368-E91503DA2E72}.Release|Any CPU.ActiveCfg = Release|Any CPU
		{0CB5F4C2-D6E8-4A7F-A368-E91503DA2E72}.Release|Any CPU.Build.0 = Release|Any CPU
		{FC43E391-19BD-4B76-BE82-BD707BD193E9}.Debug|Any CPU.ActiveCfg = Debug|Any CPU
		{FC43E391-19BD-4B76-BE82-BD707BD193E9}.Debug|Any CPU.Build.0 = Debug|Any CPU
		{FC43E391-19BD-4B76-BE82-BD707BD193E9}.Release|Any CPU.ActiveCfg = Release|Any CPU
		{FC43E391-19BD-4B76-BE82-BD707BD193E9}.Release|Any CPU.Build.0 = Release|Any CPU
		{9034BC95-F93F-4EF1-B6C2-17799FBB786D}.Debug|Any CPU.ActiveCfg = Debug|Any CPU
		{9034BC95-F93F-4EF1-B6C2-17799FBB786D}.Debug|Any CPU.Build.0 = Debug|Any CPU
		{9034BC95-F93F-4EF1-B6C2-17799FBB786D}.Release|Any CPU.ActiveCfg = Release|Any CPU
		{9034BC95-F93F-4EF1-B6C2-17799FBB786D}.Release|Any CPU.Build.0 = Release|Any CPU
	EndGlobalSection
	GlobalSection(SolutionProperties) = preSolution
		HideSolutionNode = FALSE
	EndGlobalSection
	GlobalSection(ExtensibilityGlobals) = postSolution
		SolutionGuid = {D75B7B77-D644-4E67-B5A0-F888B5E4C544}
	EndGlobalSection
EndGlobal
