
Microsoft Visual Studio Solution File, Format Version 12.00
# Visual Studio 15
VisualStudioVersion = 15.0.27703.2026
MinimumVisualStudioVersion = 10.0.40219.1
Project("{FAE04EC0-301F-11D3-BF4B-00C04F79EFBC}") = "01. Vehicles", "01. Vehicles\01. Vehicles.csproj", "{C6847E46-8D24-48C6-8C20-28289C6F8E98}"
EndProject
Project("{FAE04EC0-301F-11D3-BF4B-00C04F79EFBC}") = "02. Vehicles Extension", "02. Vehicles Extension\02. Vehicles Extension.csproj", "{204FFD8B-5C65-4CDC-AFB4-3230B7D775DF}"
EndProject
Project("{FAE04EC0-301F-11D3-BF4B-00C04F79EFBC}") = "03. Wild Farm", "03. Wild Farm\03. Wild Farm.csproj", "{E684308F-B143-41C0-A87F-6E33E7531109}"
EndProject
Global
	GlobalSection(SolutionConfigurationPlatforms) = preSolution
		Debug|Any CPU = Debug|Any CPU
		Release|Any CPU = Release|Any CPU
	EndGlobalSection
	GlobalSection(ProjectConfigurationPlatforms) = postSolution
		{C6847E46-8D24-48C6-8C20-28289C6F8E98}.Debug|Any CPU.ActiveCfg = Debug|Any CPU
		{C6847E46-8D24-48C6-8C20-28289C6F8E98}.Debug|Any CPU.Build.0 = Debug|Any CPU
		{C6847E46-8D24-48C6-8C20-28289C6F8E98}.Release|Any CPU.ActiveCfg = Release|Any CPU
		{C6847E46-8D24-48C6-8C20-28289C6F8E98}.Release|Any CPU.Build.0 = Release|Any CPU
		{204FFD8B-5C65-4CDC-AFB4-3230B7D775DF}.Debug|Any CPU.ActiveCfg = Debug|Any CPU
		{204FFD8B-5C65-4CDC-AFB4-3230B7D775DF}.Debug|Any CPU.Build.0 = Debug|Any CPU
		{204FFD8B-5C65-4CDC-AFB4-3230B7D775DF}.Release|Any CPU.ActiveCfg = Release|Any CPU
		{204FFD8B-5C65-4CDC-AFB4-3230B7D775DF}.Release|Any CPU.Build.0 = Release|Any CPU
		{E684308F-B143-41C0-A87F-6E33E7531109}.Debug|Any CPU.ActiveCfg = Debug|Any CPU
		{E684308F-B143-41C0-A87F-6E33E7531109}.Debug|Any CPU.Build.0 = Debug|Any CPU
		{E684308F-B143-41C0-A87F-6E33E7531109}.Release|Any CPU.ActiveCfg = Release|Any CPU
		{E684308F-B143-41C0-A87F-6E33E7531109}.Release|Any CPU.Build.0 = Release|Any CPU
	EndGlobalSection
	GlobalSection(SolutionProperties) = preSolution
		HideSolutionNode = FALSE
	EndGlobalSection
	GlobalSection(ExtensibilityGlobals) = postSolution
		SolutionGuid = {DAA00A0B-D109-41EE-9A19-C66FF094CF50}
	EndGlobalSection
EndGlobal
