
Microsoft Visual Studio Solution File, Format Version 12.00
# Visual Studio 15
VisualStudioVersion = 15.0.27428.2043
MinimumVisualStudioVersion = 10.0.40219.1
Project("{FAE04EC0-301F-11D3-BF4B-00C04F79EFBC}") = "01. Define a Class Person", "01. Define a Class Person\01. Define a Class Person.csproj", "{97E66665-83B9-4A1F-A2AB-EB535F02E6A4}"
EndProject
Project("{FAE04EC0-301F-11D3-BF4B-00C04F79EFBC}") = "02. Creating Constructors", "02. Creating Constructors\02. Creating Constructors.csproj", "{19177F73-48FD-4697-A732-5367A9B75C17}"
EndProject
Project("{FAE04EC0-301F-11D3-BF4B-00C04F79EFBC}") = "03. Oldest Family Member", "03. Oldest Family Member\03. Oldest Family Member.csproj", "{30863812-AFB9-4AC0-BD6E-0AC75901D02E}"
EndProject
Global
	GlobalSection(SolutionConfigurationPlatforms) = preSolution
		Debug|Any CPU = Debug|Any CPU
		Release|Any CPU = Release|Any CPU
	EndGlobalSection
	GlobalSection(ProjectConfigurationPlatforms) = postSolution
		{97E66665-83B9-4A1F-A2AB-EB535F02E6A4}.Debug|Any CPU.ActiveCfg = Debug|Any CPU
		{97E66665-83B9-4A1F-A2AB-EB535F02E6A4}.Debug|Any CPU.Build.0 = Debug|Any CPU
		{97E66665-83B9-4A1F-A2AB-EB535F02E6A4}.Release|Any CPU.ActiveCfg = Release|Any CPU
		{97E66665-83B9-4A1F-A2AB-EB535F02E6A4}.Release|Any CPU.Build.0 = Release|Any CPU
		{19177F73-48FD-4697-A732-5367A9B75C17}.Debug|Any CPU.ActiveCfg = Debug|Any CPU
		{19177F73-48FD-4697-A732-5367A9B75C17}.Debug|Any CPU.Build.0 = Debug|Any CPU
		{19177F73-48FD-4697-A732-5367A9B75C17}.Release|Any CPU.ActiveCfg = Release|Any CPU
		{19177F73-48FD-4697-A732-5367A9B75C17}.Release|Any CPU.Build.0 = Release|Any CPU
		{30863812-AFB9-4AC0-BD6E-0AC75901D02E}.Debug|Any CPU.ActiveCfg = Debug|Any CPU
		{30863812-AFB9-4AC0-BD6E-0AC75901D02E}.Debug|Any CPU.Build.0 = Debug|Any CPU
		{30863812-AFB9-4AC0-BD6E-0AC75901D02E}.Release|Any CPU.ActiveCfg = Release|Any CPU
		{30863812-AFB9-4AC0-BD6E-0AC75901D02E}.Release|Any CPU.Build.0 = Release|Any CPU
	EndGlobalSection
	GlobalSection(SolutionProperties) = preSolution
		HideSolutionNode = FALSE
	EndGlobalSection
	GlobalSection(ExtensibilityGlobals) = postSolution
		SolutionGuid = {135FC00B-D2C1-4F0D-8628-BC5D2B5C76D5}
	EndGlobalSection
EndGlobal
