
Microsoft Visual Studio Solution File, Format Version 12.00
# Visual Studio 15
VisualStudioVersion = 15.0.27428.2043
MinimumVisualStudioVersion = 10.0.40219.1
Project("{FAE04EC0-301F-11D3-BF4B-00C04F79EFBC}") = "01. Define a Class Person", "01. Define a Class Person\01. Define a Class Person.csproj", "{97E66665-83B9-4A1F-A2AB-EB535F02E6A4}"
EndProject
Project("{FAE04EC0-301F-11D3-BF4B-00C04F79EFBC}") = "02. Creating Constructors", "02. Creating Constructors\02. Creating Constructors.csproj", "{19177F73-48FD-4697-A732-5367A9B75C17}"
EndProject
Project("{FAE04EC0-301F-11D3-BF4B-00C04F79EFBC}") = "03. Oldest Family Member", "03. Oldest Family Member\03. Oldest Family Member.csproj", "{30863812-AFB9-4AC0-BD6E-0AC75901D02E}"
EndProject
Project("{FAE04EC0-301F-11D3-BF4B-00C04F79EFBC}") = "04. Opinion Poll", "04. Opinion Poll\04. Opinion Poll.csproj", "{33C4B0C5-DE15-4C5E-B725-254F6AE14C77}"
EndProject
Project("{FAE04EC0-301F-11D3-BF4B-00C04F79EFBC}") = "05. Date Modifier", "05. Date Modifier\05. Date Modifier.csproj", "{5343CF2B-8ADD-4740-A6D6-79C57ECD11AE}"
EndProject
Project("{FAE04EC0-301F-11D3-BF4B-00C04F79EFBC}") = "06. Company Roster", "06. Company Roster\06. Company Roster.csproj", "{6904305E-5A1F-47AD-91F0-95D3C8D19FB0}"
EndProject
Project("{FAE04EC0-301F-11D3-BF4B-00C04F79EFBC}") = "07. Speed Racing", "07. Speed Racing\07. Speed Racing.csproj", "{24A091D7-21BD-41C9-BC3C-A15FCC994C49}"
EndProject
Project("{FAE04EC0-301F-11D3-BF4B-00C04F79EFBC}") = "08. Raw Data", "08. Raw Data\08. Raw Data.csproj", "{C4329C8E-02A9-4486-AF69-C2BD818C9AC0}"
EndProject
Project("{FAE04EC0-301F-11D3-BF4B-00C04F79EFBC}") = "09. Rectangle Intersection", "09. Rectangle Intersection\09. Rectangle Intersection.csproj", "{3E4CB135-563B-4984-9C18-F2EC20233972}"
EndProject
Project("{FAE04EC0-301F-11D3-BF4B-00C04F79EFBC}") = "10. Car Salesman", "10. Car Salesman\10. Car Salesman.csproj", "{139526CF-E9B0-4D33-81D3-9FC0B62ADA5E}"
EndProject
Project("{FAE04EC0-301F-11D3-BF4B-00C04F79EFBC}") = "11. Pokemon Trainer", "11. Pokemon Trainer\11. Pokemon Trainer.csproj", "{879EBFFA-FBCE-423C-ABA8-A44EA1367839}"
EndProject
Project("{FAE04EC0-301F-11D3-BF4B-00C04F79EFBC}") = "12. Google", "12. Google\12. Google.csproj", "{5450DEB0-9E4E-43EE-A5F9-A67DA88B9571}"
EndProject
Global
	GlobalSection(SolutionConfigurationPlatforms) = preSolution
		Debug|Any CPU = Debug|Any CPU
		Release|Any CPU = Release|Any CPU
	EndGlobalSection
	GlobalSection(ProjectConfigurationPlatforms) = postSolution
		{97E66665-83B9-4A1F-A2AB-EB535F02E6A4}.Debug|Any CPU.ActiveCfg = Debug|Any CPU
		{97E66665-83B9-4A1F-A2AB-EB535F02E6A4}.Debug|Any CPU.Build.0 = Debug|Any CPU
		{97E66665-83B9-4A1F-A2AB-EB535F02E6A4}.Release|Any CPU.ActiveCfg = Release|Any CPU
		{97E66665-83B9-4A1F-A2AB-EB535F02E6A4}.Release|Any CPU.Build.0 = Release|Any CPU
		{19177F73-48FD-4697-A732-5367A9B75C17}.Debug|Any CPU.ActiveCfg = Debug|Any CPU
		{19177F73-48FD-4697-A732-5367A9B75C17}.Debug|Any CPU.Build.0 = Debug|Any CPU
		{19177F73-48FD-4697-A732-5367A9B75C17}.Release|Any CPU.ActiveCfg = Release|Any CPU
		{19177F73-48FD-4697-A732-5367A9B75C17}.Release|Any CPU.Build.0 = Release|Any CPU
		{30863812-AFB9-4AC0-BD6E-0AC75901D02E}.Debug|Any CPU.ActiveCfg = Debug|Any CPU
		{30863812-AFB9-4AC0-BD6E-0AC75901D02E}.Debug|Any CPU.Build.0 = Debug|Any CPU
		{30863812-AFB9-4AC0-BD6E-0AC75901D02E}.Release|Any CPU.ActiveCfg = Release|Any CPU
		{30863812-AFB9-4AC0-BD6E-0AC75901D02E}.Release|Any CPU.Build.0 = Release|Any CPU
		{33C4B0C5-DE15-4C5E-B725-254F6AE14C77}.Debug|Any CPU.ActiveCfg = Debug|Any CPU
		{33C4B0C5-DE15-4C5E-B725-254F6AE14C77}.Debug|Any CPU.Build.0 = Debug|Any CPU
		{33C4B0C5-DE15-4C5E-B725-254F6AE14C77}.Release|Any CPU.ActiveCfg = Release|Any CPU
		{33C4B0C5-DE15-4C5E-B725-254F6AE14C77}.Release|Any CPU.Build.0 = Release|Any CPU
		{5343CF2B-8ADD-4740-A6D6-79C57ECD11AE}.Debug|Any CPU.ActiveCfg = Debug|Any CPU
		{5343CF2B-8ADD-4740-A6D6-79C57ECD11AE}.Debug|Any CPU.Build.0 = Debug|Any CPU
		{5343CF2B-8ADD-4740-A6D6-79C57ECD11AE}.Release|Any CPU.ActiveCfg = Release|Any CPU
		{5343CF2B-8ADD-4740-A6D6-79C57ECD11AE}.Release|Any CPU.Build.0 = Release|Any CPU
		{6904305E-5A1F-47AD-91F0-95D3C8D19FB0}.Debug|Any CPU.ActiveCfg = Debug|Any CPU
		{6904305E-5A1F-47AD-91F0-95D3C8D19FB0}.Debug|Any CPU.Build.0 = Debug|Any CPU
		{6904305E-5A1F-47AD-91F0-95D3C8D19FB0}.Release|Any CPU.ActiveCfg = Release|Any CPU
		{6904305E-5A1F-47AD-91F0-95D3C8D19FB0}.Release|Any CPU.Build.0 = Release|Any CPU
		{24A091D7-21BD-41C9-BC3C-A15FCC994C49}.Debug|Any CPU.ActiveCfg = Debug|Any CPU
		{24A091D7-21BD-41C9-BC3C-A15FCC994C49}.Debug|Any CPU.Build.0 = Debug|Any CPU
		{24A091D7-21BD-41C9-BC3C-A15FCC994C49}.Release|Any CPU.ActiveCfg = Release|Any CPU
		{24A091D7-21BD-41C9-BC3C-A15FCC994C49}.Release|Any CPU.Build.0 = Release|Any CPU
		{C4329C8E-02A9-4486-AF69-C2BD818C9AC0}.Debug|Any CPU.ActiveCfg = Debug|Any CPU
		{C4329C8E-02A9-4486-AF69-C2BD818C9AC0}.Debug|Any CPU.Build.0 = Debug|Any CPU
		{C4329C8E-02A9-4486-AF69-C2BD818C9AC0}.Release|Any CPU.ActiveCfg = Release|Any CPU
		{C4329C8E-02A9-4486-AF69-C2BD818C9AC0}.Release|Any CPU.Build.0 = Release|Any CPU
		{3E4CB135-563B-4984-9C18-F2EC20233972}.Debug|Any CPU.ActiveCfg = Debug|Any CPU
		{3E4CB135-563B-4984-9C18-F2EC20233972}.Debug|Any CPU.Build.0 = Debug|Any CPU
		{3E4CB135-563B-4984-9C18-F2EC20233972}.Release|Any CPU.ActiveCfg = Release|Any CPU
		{3E4CB135-563B-4984-9C18-F2EC20233972}.Release|Any CPU.Build.0 = Release|Any CPU
		{139526CF-E9B0-4D33-81D3-9FC0B62ADA5E}.Debug|Any CPU.ActiveCfg = Debug|Any CPU
		{139526CF-E9B0-4D33-81D3-9FC0B62ADA5E}.Debug|Any CPU.Build.0 = Debug|Any CPU
		{139526CF-E9B0-4D33-81D3-9FC0B62ADA5E}.Release|Any CPU.ActiveCfg = Release|Any CPU
		{139526CF-E9B0-4D33-81D3-9FC0B62ADA5E}.Release|Any CPU.Build.0 = Release|Any CPU
		{879EBFFA-FBCE-423C-ABA8-A44EA1367839}.Debug|Any CPU.ActiveCfg = Debug|Any CPU
		{879EBFFA-FBCE-423C-ABA8-A44EA1367839}.Debug|Any CPU.Build.0 = Debug|Any CPU
		{879EBFFA-FBCE-423C-ABA8-A44EA1367839}.Release|Any CPU.ActiveCfg = Release|Any CPU
		{879EBFFA-FBCE-423C-ABA8-A44EA1367839}.Release|Any CPU.Build.0 = Release|Any CPU
		{5450DEB0-9E4E-43EE-A5F9-A67DA88B9571}.Debug|Any CPU.ActiveCfg = Debug|Any CPU
		{5450DEB0-9E4E-43EE-A5F9-A67DA88B9571}.Debug|Any CPU.Build.0 = Debug|Any CPU
		{5450DEB0-9E4E-43EE-A5F9-A67DA88B9571}.Release|Any CPU.ActiveCfg = Release|Any CPU
		{5450DEB0-9E4E-43EE-A5F9-A67DA88B9571}.Release|Any CPU.Build.0 = Release|Any CPU
	EndGlobalSection
	GlobalSection(SolutionProperties) = preSolution
		HideSolutionNode = FALSE
	EndGlobalSection
	GlobalSection(ExtensibilityGlobals) = postSolution
		SolutionGuid = {135FC00B-D2C1-4F0D-8628-BC5D2B5C76D5}
	EndGlobalSection
EndGlobal
