
Microsoft Visual Studio Solution File, Format Version 12.00
# Visual Studio 15
VisualStudioVersion = 15.0.27703.2026
MinimumVisualStudioVersion = 10.0.40219.1
Project("{FAE04EC0-301F-11D3-BF4B-00C04F79EFBC}") = "01. Define an Interface IPerson", "01. Define an Interface IPerson\01. Define an Interface IPerson.csproj", "{9AD0EDAB-4D5E-4FD8-A40C-2B6039CDF542}"
EndProject
Project("{FAE04EC0-301F-11D3-BF4B-00C04F79EFBC}") = "02. Multiple Implementation", "02. Multiple Implementation\02. Multiple Implementation.csproj", "{67B66C7F-4031-4656-9A15-457B25156DE7}"
EndProject
Project("{FAE04EC0-301F-11D3-BF4B-00C04F79EFBC}") = "03. Ferrari", "03. Ferrari\03. Ferrari.csproj", "{EAEE92EC-DF4A-4D45-9DB7-4A7D3E05063F}"
EndProject
Global
	GlobalSection(SolutionConfigurationPlatforms) = preSolution
		Debug|Any CPU = Debug|Any CPU
		Release|Any CPU = Release|Any CPU
	EndGlobalSection
	GlobalSection(ProjectConfigurationPlatforms) = postSolution
		{9AD0EDAB-4D5E-4FD8-A40C-2B6039CDF542}.Debug|Any CPU.ActiveCfg = Debug|Any CPU
		{9AD0EDAB-4D5E-4FD8-A40C-2B6039CDF542}.Debug|Any CPU.Build.0 = Debug|Any CPU
		{9AD0EDAB-4D5E-4FD8-A40C-2B6039CDF542}.Release|Any CPU.ActiveCfg = Release|Any CPU
		{9AD0EDAB-4D5E-4FD8-A40C-2B6039CDF542}.Release|Any CPU.Build.0 = Release|Any CPU
		{67B66C7F-4031-4656-9A15-457B25156DE7}.Debug|Any CPU.ActiveCfg = Debug|Any CPU
		{67B66C7F-4031-4656-9A15-457B25156DE7}.Debug|Any CPU.Build.0 = Debug|Any CPU
		{67B66C7F-4031-4656-9A15-457B25156DE7}.Release|Any CPU.ActiveCfg = Release|Any CPU
		{67B66C7F-4031-4656-9A15-457B25156DE7}.Release|Any CPU.Build.0 = Release|Any CPU
		{EAEE92EC-DF4A-4D45-9DB7-4A7D3E05063F}.Debug|Any CPU.ActiveCfg = Debug|Any CPU
		{EAEE92EC-DF4A-4D45-9DB7-4A7D3E05063F}.Debug|Any CPU.Build.0 = Debug|Any CPU
		{EAEE92EC-DF4A-4D45-9DB7-4A7D3E05063F}.Release|Any CPU.ActiveCfg = Release|Any CPU
		{EAEE92EC-DF4A-4D45-9DB7-4A7D3E05063F}.Release|Any CPU.Build.0 = Release|Any CPU
	EndGlobalSection
	GlobalSection(SolutionProperties) = preSolution
		HideSolutionNode = FALSE
	EndGlobalSection
	GlobalSection(ExtensibilityGlobals) = postSolution
		SolutionGuid = {D2A9855E-9821-49AC-B860-8B7AF0607F93}
	EndGlobalSection
EndGlobal
