
Microsoft Visual Studio Solution File, Format Version 12.00
# Visual Studio 15
VisualStudioVersion = 15.0.27703.2026
MinimumVisualStudioVersion = 10.0.40219.1
Project("{FAE04EC0-301F-11D3-BF4B-00C04F79EFBC}") = "01. Define an Interface IPerson", "01. Define an Interface IPerson\01. Define an Interface IPerson.csproj", "{9AD0EDAB-4D5E-4FD8-A40C-2B6039CDF542}"
EndProject
Project("{FAE04EC0-301F-11D3-BF4B-00C04F79EFBC}") = "02. Multiple Implementation", "02. Multiple Implementation\02. Multiple Implementation.csproj", "{67B66C7F-4031-4656-9A15-457B25156DE7}"
EndProject
Project("{FAE04EC0-301F-11D3-BF4B-00C04F79EFBC}") = "03. Ferrari", "03. Ferrari\03. Ferrari.csproj", "{EAEE92EC-DF4A-4D45-9DB7-4A7D3E05063F}"
EndProject
Project("{FAE04EC0-301F-11D3-BF4B-00C04F79EFBC}") = "04. Telephony", "04. Telephony\04. Telephony.csproj", "{9FA4B8BA-0E72-4C73-B606-44E2B7E01C5C}"
EndProject
Project("{FAE04EC0-301F-11D3-BF4B-00C04F79EFBC}") = "05. Border Control", "05. Border Control\05. Border Control.csproj", "{AE87FABF-4E67-4A34-9FA6-51A7D25F7B6B}"
EndProject
Project("{FAE04EC0-301F-11D3-BF4B-00C04F79EFBC}") = "06. Birthday Celebrations", "06. Birthday Celebrations\06. Birthday Celebrations.csproj", "{F530B7E6-63DC-42A4-B2A9-0142078AF745}"
EndProject
Project("{FAE04EC0-301F-11D3-BF4B-00C04F79EFBC}") = "07. Food Shortage", "07. Food Shortage\07. Food Shortage.csproj", "{4F8EB9F0-0E04-4EBC-95EA-BBB7625BF974}"
EndProject
Project("{FAE04EC0-301F-11D3-BF4B-00C04F79EFBC}") = "08. Military Elite", "08. Military Elite\08. Military Elite.csproj", "{2A626107-4043-4472-BDA1-5CE7CACA93DF}"
EndProject
Global
	GlobalSection(SolutionConfigurationPlatforms) = preSolution
		Debug|Any CPU = Debug|Any CPU
		Release|Any CPU = Release|Any CPU
	EndGlobalSection
	GlobalSection(ProjectConfigurationPlatforms) = postSolution
		{9AD0EDAB-4D5E-4FD8-A40C-2B6039CDF542}.Debug|Any CPU.ActiveCfg = Debug|Any CPU
		{9AD0EDAB-4D5E-4FD8-A40C-2B6039CDF542}.Debug|Any CPU.Build.0 = Debug|Any CPU
		{9AD0EDAB-4D5E-4FD8-A40C-2B6039CDF542}.Release|Any CPU.ActiveCfg = Release|Any CPU
		{9AD0EDAB-4D5E-4FD8-A40C-2B6039CDF542}.Release|Any CPU.Build.0 = Release|Any CPU
		{67B66C7F-4031-4656-9A15-457B25156DE7}.Debug|Any CPU.ActiveCfg = Debug|Any CPU
		{67B66C7F-4031-4656-9A15-457B25156DE7}.Debug|Any CPU.Build.0 = Debug|Any CPU
		{67B66C7F-4031-4656-9A15-457B25156DE7}.Release|Any CPU.ActiveCfg = Release|Any CPU
		{67B66C7F-4031-4656-9A15-457B25156DE7}.Release|Any CPU.Build.0 = Release|Any CPU
		{EAEE92EC-DF4A-4D45-9DB7-4A7D3E05063F}.Debug|Any CPU.ActiveCfg = Debug|Any CPU
		{EAEE92EC-DF4A-4D45-9DB7-4A7D3E05063F}.Debug|Any CPU.Build.0 = Debug|Any CPU
		{EAEE92EC-DF4A-4D45-9DB7-4A7D3E05063F}.Release|Any CPU.ActiveCfg = Release|Any CPU
		{EAEE92EC-DF4A-4D45-9DB7-4A7D3E05063F}.Release|Any CPU.Build.0 = Release|Any CPU
		{9FA4B8BA-0E72-4C73-B606-44E2B7E01C5C}.Debug|Any CPU.ActiveCfg = Debug|Any CPU
		{9FA4B8BA-0E72-4C73-B606-44E2B7E01C5C}.Debug|Any CPU.Build.0 = Debug|Any CPU
		{9FA4B8BA-0E72-4C73-B606-44E2B7E01C5C}.Release|Any CPU.ActiveCfg = Release|Any CPU
		{9FA4B8BA-0E72-4C73-B606-44E2B7E01C5C}.Release|Any CPU.Build.0 = Release|Any CPU
		{AE87FABF-4E67-4A34-9FA6-51A7D25F7B6B}.Debug|Any CPU.ActiveCfg = Debug|Any CPU
		{AE87FABF-4E67-4A34-9FA6-51A7D25F7B6B}.Debug|Any CPU.Build.0 = Debug|Any CPU
		{AE87FABF-4E67-4A34-9FA6-51A7D25F7B6B}.Release|Any CPU.ActiveCfg = Release|Any CPU
		{AE87FABF-4E67-4A34-9FA6-51A7D25F7B6B}.Release|Any CPU.Build.0 = Release|Any CPU
		{F530B7E6-63DC-42A4-B2A9-0142078AF745}.Debug|Any CPU.ActiveCfg = Debug|Any CPU
		{F530B7E6-63DC-42A4-B2A9-0142078AF745}.Debug|Any CPU.Build.0 = Debug|Any CPU
		{F530B7E6-63DC-42A4-B2A9-0142078AF745}.Release|Any CPU.ActiveCfg = Release|Any CPU
		{F530B7E6-63DC-42A4-B2A9-0142078AF745}.Release|Any CPU.Build.0 = Release|Any CPU
		{4F8EB9F0-0E04-4EBC-95EA-BBB7625BF974}.Debug|Any CPU.ActiveCfg = Debug|Any CPU
		{4F8EB9F0-0E04-4EBC-95EA-BBB7625BF974}.Debug|Any CPU.Build.0 = Debug|Any CPU
		{4F8EB9F0-0E04-4EBC-95EA-BBB7625BF974}.Release|Any CPU.ActiveCfg = Release|Any CPU
		{4F8EB9F0-0E04-4EBC-95EA-BBB7625BF974}.Release|Any CPU.Build.0 = Release|Any CPU
		{2A626107-4043-4472-BDA1-5CE7CACA93DF}.Debug|Any CPU.ActiveCfg = Debug|Any CPU
		{2A626107-4043-4472-BDA1-5CE7CACA93DF}.Debug|Any CPU.Build.0 = Debug|Any CPU
		{2A626107-4043-4472-BDA1-5CE7CACA93DF}.Release|Any CPU.ActiveCfg = Release|Any CPU
		{2A626107-4043-4472-BDA1-5CE7CACA93DF}.Release|Any CPU.Build.0 = Release|Any CPU
	EndGlobalSection
	GlobalSection(SolutionProperties) = preSolution
		HideSolutionNode = FALSE
	EndGlobalSection
	GlobalSection(ExtensibilityGlobals) = postSolution
		SolutionGuid = {D2A9855E-9821-49AC-B860-8B7AF0607F93}
	EndGlobalSection
EndGlobal
