
Microsoft Visual Studio Solution File, Format Version 12.00
# Visual Studio 15
VisualStudioVersion = 15.0.27703.2026
MinimumVisualStudioVersion = 10.0.40219.1
Project("{FAE04EC0-301F-11D3-BF4B-00C04F79EFBC}") = "01. Shapes", "01. Shapes\01. Shapes.csproj", "{CA8925B0-A794-40D4-BF2D-DF0B39804D8D}"
EndProject
Project("{FAE04EC0-301F-11D3-BF4B-00C04F79EFBC}") = "02. Cars", "02. Cars\02. Cars.csproj", "{3065ACB5-2153-4171-B7FA-1C8D7541461C}"
EndProject
Global
	GlobalSection(SolutionConfigurationPlatforms) = preSolution
		Debug|Any CPU = Debug|Any CPU
		Release|Any CPU = Release|Any CPU
	EndGlobalSection
	GlobalSection(ProjectConfigurationPlatforms) = postSolution
		{CA8925B0-A794-40D4-BF2D-DF0B39804D8D}.Debug|Any CPU.ActiveCfg = Debug|Any CPU
		{CA8925B0-A794-40D4-BF2D-DF0B39804D8D}.Debug|Any CPU.Build.0 = Debug|Any CPU
		{CA8925B0-A794-40D4-BF2D-DF0B39804D8D}.Release|Any CPU.ActiveCfg = Release|Any CPU
		{CA8925B0-A794-40D4-BF2D-DF0B39804D8D}.Release|Any CPU.Build.0 = Release|Any CPU
		{3065ACB5-2153-4171-B7FA-1C8D7541461C}.Debug|Any CPU.ActiveCfg = Debug|Any CPU
		{3065ACB5-2153-4171-B7FA-1C8D7541461C}.Debug|Any CPU.Build.0 = Debug|Any CPU
		{3065ACB5-2153-4171-B7FA-1C8D7541461C}.Release|Any CPU.ActiveCfg = Release|Any CPU
		{3065ACB5-2153-4171-B7FA-1C8D7541461C}.Release|Any CPU.Build.0 = Release|Any CPU
	EndGlobalSection
	GlobalSection(SolutionProperties) = preSolution
		HideSolutionNode = FALSE
	EndGlobalSection
	GlobalSection(ExtensibilityGlobals) = postSolution
		SolutionGuid = {EBC985BB-9B6B-446F-AB3A-1F56ED863B13}
	EndGlobalSection
EndGlobal
